
Microsoft Visual Studio Solution File, Format Version 12.00
# Visual Studio Version 17
VisualStudioVersion = 17.4.33205.214
MinimumVisualStudioVersion = 10.0.40219.1
Project("{FAE04EC0-301F-11D3-BF4B-00C04F79EFBC}") = "MATINFO", "MATINFO\MATINFO.csproj", "{BE90ADDB-A3E7-4838-8C42-BA3BD3E471DB}"
EndProject
Global
	GlobalSection(SolutionConfigurationPlatforms) = preSolution
		Debug|Any CPU = Debug|Any CPU
		Release|Any CPU = Release|Any CPU
	EndGlobalSection
	GlobalSection(ProjectConfigurationPlatforms) = postSolution
		{BE90ADDB-A3E7-4838-8C42-BA3BD3E471DB}.Debug|Any CPU.ActiveCfg = Debug|Any CPU
		{BE90ADDB-A3E7-4838-8C42-BA3BD3E471DB}.Debug|Any CPU.Build.0 = Debug|Any CPU
		{BE90ADDB-A3E7-4838-8C42-BA3BD3E471DB}.Release|Any CPU.ActiveCfg = Release|Any CPU
		{BE90ADDB-A3E7-4838-8C42-BA3BD3E471DB}.Release|Any CPU.Build.0 = Release|Any CPU
	EndGlobalSection
	GlobalSection(SolutionProperties) = preSolution
		HideSolutionNode = FALSE
	EndGlobalSection
	GlobalSection(ExtensibilityGlobals) = postSolution
		SolutionGuid = {9BCAF63C-4705-4B4A-A639-521E979CDE6E}
	EndGlobalSection
EndGlobal
